{
  "name": "miniprojet_2025",
  "version": "1.0.0",
  "lockfileVersion": 3,
  "requires": true,
  "packages": {
    "": {
      "name": "miniprojet_2025",
      "version": "1.0.0",
      "license": "ISC",
      "dependencies": {
        "bcryptjs": "^3.0.3",
        "body-parser": "^2.3.0",
        "cors": "^2.8.5",
        "dotenv": "^16.5.0",
        "express": "^5.1.0",
        "jsonwebtoken": "^9.0.2",
        "method-override": "^3.0.0",
        "mongoose": "^8.16.0",
        "multer": "^2.0.2",
        "node-cron": "^4.6.0"
      },
      "devDependencies": {
        "jest": "^30.4.2",
        "nodemon": "^3.1.10",
        "supertest": "^7.2.2"
      }
    },
    "../node_modules/.pnpm/bcryptjs@3.0.3/node_modules/bcryptjs": {
      "version": "3.0.3",
      "license": "BSD-3-Clause",
      "bin": {
        "bcrypt": "bin/bcrypt"
      },
      "devDependencies": {
        "bcrypt": "^5.1.1",
        "esm2umd": "^0.3.1",
        "prettier": "^3.5.0",
        "typescript": "^5.7.3"
      }
    },
    "../node_modules/.pnpm/body-parser@2.3.0/node_modules/body-parser": {
      "version": "2.3.0",
      "license": "MIT",
      "dependencies": {
        "bytes": "^3.1.2",
        "content-type": "^2.0.0",
        "debug": "^4.4.3",
        "http-errors": "^2.0.1",
        "iconv-lite": "^0.7.2",
        "on-finished": "^2.4.1",
        "qs": "^6.15.2",
        "raw-body": "^3.0.2",
        "type-is": "^2.1.0"
      },
      "devDependencies": {
        "eslint": "^8.57.1",
        "eslint-config-standard": "^14.1.1",
        "eslint-plugin-import": "^2.32.0",
        "eslint-plugin-markdown": "^3.0.1",
        "eslint-plugin-node": "^11.1.0",
        "eslint-plugin-promise": "^6.6.0",
        "eslint-plugin-standard": "^4.1.0",
        "mocha": "^11.7.6",
        "nyc": "^17.1.0",
        "supertest": "^7.2.2"
      },
      "engines": {
        "node": ">=18"
      },
      "funding": {
        "type": "opencollective",
        "url": "https://opencollective.com/express"
      }
    },
    "../node_modules/.pnpm/cors@2.8.6/node_modules/cors": {
      "version": "2.8.6",
      "license": "MIT",
      "dependencies": {
        "object-assign": "^4",
        "vary": "^1"
      },
      "devDependencies": {
        "after": "0.8.2",
        "eslint": "7.30.0",
        "express": "4.21.2",
        "mocha": "9.2.2",
        "nyc": "15.1.0",
        "supertest": "6.1.3"
      },
      "engines": {
        "node": ">= 0.10"
      },
      "funding": {
        "type": "opencollective",
        "url": "https://opencollective.com/express"
      }
    },
    "../node_modules/.pnpm/dotenv@16.5.0/node_modules/dotenv": {
      "version": "16.5.0",
      "license": "BSD-2-Clause",
      "devDependencies": {
        "@types/node": "^18.11.3",
        "decache": "^4.6.2",
        "sinon": "^14.0.1",
        "standard": "^17.0.0",
        "standard-version": "^9.5.0",
        "tap": "^19.2.0",
        "typescript": "^4.8.4"
      },
      "engines": {
        "node": ">=12"
      },
      "funding": {
        "url": "https://dotenvx.com"
      }
    },
    "../node_modules/.pnpm/express@5.2.1/node_modules/express": {
      "version": "5.2.1",
      "license": "MIT",
      "dependencies": {
        "accepts": "^2.0.0",
        "body-parser": "^2.2.1",
        "content-disposition": "^1.0.0",
        "content-type": "^1.0.5",
        "cookie": "^0.7.1",
        "cookie-signature": "^1.2.1",
        "debug": "^4.4.0",
        "depd": "^2.0.0",
        "encodeurl": "^2.0.0",
        "escape-html": "^1.0.3",
        "etag": "^1.8.1",
        "finalhandler": "^2.1.0",
        "fresh": "^2.0.0",
        "http-errors": "^2.0.0",
        "merge-descriptors": "^2.0.0",
        "mime-types": "^3.0.0",
        "on-finished": "^2.4.1",
        "once": "^1.4.0",
        "parseurl": "^1.3.3",
        "proxy-addr": "^2.0.7",
        "qs": "^6.14.0",
        "range-parser": "^1.2.1",
        "router": "^2.2.0",
        "send": "^1.1.0",
        "serve-static": "^2.2.0",
        "statuses": "^2.0.1",
        "type-is": "^2.0.1",
        "vary": "^1.1.2"
      },
      "devDependencies": {
        "after": "0.8.2",
        "connect-redis": "^8.0.1",
        "cookie-parser": "1.4.7",
        "cookie-session": "2.1.1",
        "ejs": "^3.1.10",
        "eslint": "8.47.0",
        "express-session": "^1.18.1",
        "hbs": "4.2.0",
        "marked": "^15.0.3",
        "method-override": "3.0.0",
        "mocha": "^10.7.3",
        "morgan": "1.10.1",
        "nyc": "^17.1.0",
        "pbkdf2-password": "1.2.1",
        "supertest": "^6.3.0",
        "vhost": "~3.0.2"
      },
      "engines": {
        "node": ">= 18"
      },
      "funding": {
        "type": "opencollective",
        "url": "https://opencollective.com/express"
      }
    },
    "../node_modules/.pnpm/jest@30.4.2_@types+node@26.1.1/node_modules/jest": {
      "version": "30.4.2",
      "dev": true,
      "license": "MIT",
      "dependencies": {
        "@jest/core": "30.4.2",
        "@jest/types": "30.4.1",
        "import-local": "^3.2.0",
        "jest-cli": "30.4.2"
      },
      "bin": {
        "jest": "bin/jest.js"
      },
      "engines": {
        "node": "^18.14.0 || ^20.0.0 || ^22.0.0 || >=24.0.0"
      },
      "peerDependencies": {
        "node-notifier": "^8.0.1 || ^9.0.0 || ^10.0.0"
      },
      "peerDependenciesMeta": {
        "node-notifier": {
          "optional": true
        }
      }
    },
    "../node_modules/.pnpm/jsonwebtoken@9.0.3/node_modules/jsonwebtoken": {
      "version": "9.0.3",
      "license": "MIT",
      "dependencies": {
        "jws": "^4.0.1",
        "lodash.includes": "^4.3.0",
        "lodash.isboolean": "^3.0.3",
        "lodash.isinteger": "^4.0.4",
        "lodash.isnumber": "^3.0.3",
        "lodash.isplainobject": "^4.0.6",
        "lodash.isstring": "^4.0.1",
        "lodash.once": "^4.0.0",
        "ms": "^2.1.1",
        "semver": "^7.5.4"
      },
      "devDependencies": {
        "atob": "^2.1.2",
        "chai": "^4.1.2",
        "conventional-changelog": "~1.1.0",
        "eslint": "^4.19.1",
        "mocha": "^5.2.0",
        "nsp": "^2.6.2",
        "nyc": "^11.9.0",
        "sinon": "^6.0.0"
      },
      "engines": {
        "node": ">=12",
        "npm": ">=6"
      }
    },
    "../node_modules/.pnpm/method-override@3.0.0/node_modules/method-override": {
      "version": "3.0.0",
      "license": "MIT",
      "dependencies": {
        "debug": "3.1.0",
        "methods": "~1.1.2",
        "parseurl": "~1.3.2",
        "vary": "~1.1.2"
      },
      "devDependencies": {
        "eslint": "4.19.1",
        "eslint-config-standard": "11.0.0",
        "eslint-plugin-import": "2.13.0",
        "eslint-plugin-markdown": "1.0.0-beta.6",
        "eslint-plugin-node": "6.0.1",
        "eslint-plugin-promise": "3.8.0",
        "eslint-plugin-standard": "3.1.0",
        "istanbul": "0.4.5",
        "mocha": "3.5.3",
        "supertest": "1.2.0"
      },
      "engines": {
        "node": ">= 0.10"
      }
    },
    "../node_modules/.pnpm/mongoose@8.24.1/node_modules/mongoose": {
      "version": "8.24.1",
      "license": "MIT",
      "dependencies": {
        "bson": "^6.10.4",
        "kareem": "2.6.3",
        "mongodb": "~6.20.0",
        "mpath": "0.9.0",
        "mquery": "5.0.0",
        "ms": "2.1.3",
        "sift": "17.1.3"
      },
      "devDependencies": {
        "@ark/attest": "0.53.0",
        "@babel/core": "7.28.5",
        "@babel/preset-env": "7.28.5",
        "@mongodb-js/mongodb-downloader": "^1.0.0",
        "@typescript-eslint/eslint-plugin": "^8.19.1",
        "@typescript-eslint/parser": "^8.19.1",
        "acquit": "1.4.0",
        "acquit-ignore": "0.2.2",
        "acquit-require": "0.1.1",
        "ajv": "8.20.0",
        "assert-browserify": "2.0.0",
        "babel-loader": "8.2.5",
        "broken-link-checker": "^0.7.8",
        "buffer": "^5.6.0",
        "cheerio": "1.1.2",
        "crypto-browserify": "3.12.1",
        "dox": "1.0.0",
        "eslint": "8.57.1",
        "eslint-plugin-markdown": "^5.1.0",
        "eslint-plugin-mocha-no-only": "1.2.0",
        "express": "^4.19.2",
        "fs-extra": "~11.3.0",
        "highlight.js": "11.11.1",
        "lodash.isequal": "4.5.0",
        "lodash.isequalwith": "4.4.0",
        "markdownlint-cli2": "^0.18.1",
        "marked": "15.x",
        "mkdirp": "^3.0.1",
        "mocha": "11.7.4",
        "moment": "2.30.1",
        "mongodb-memory-server": "10.3.0",
        "mongodb-runner": "^6.0.0",
        "ncp": "^2.0.0",
        "nyc": "15.1.0",
        "pug": "3.0.3",
        "q": "1.5.1",
        "sinon": "21.0.0",
        "stream-browserify": "3.0.0",
        "tsd": "0.33.0",
        "typescript": "5.9.3",
        "uuid": "11.1.0",
        "webpack": "5.106.2"
      },
      "engines": {
        "node": ">=16.20.1"
      },
      "funding": {
        "type": "opencollective",
        "url": "https://opencollective.com/mongoose"
      }
    },
    "../node_modules/.pnpm/multer@2.2.0/node_modules/multer": {
      "version": "2.2.0",
      "license": "MIT",
      "dependencies": {
        "append-field": "^1.0.0",
        "busboy": "^1.6.0",
        "concat-stream": "^2.0.0",
        "type-is": "^1.6.18"
      },
      "devDependencies": {
        "deep-equal": "^2.0.3",
        "express": "^4.21.2",
        "form-data": "^4.0.2",
        "fs-temp": "^1.2.1",
        "mocha": "^11.5.0",
        "nyc": "^15.1.0",
        "rimraf": "^2.4.1",
        "standard": "^14.3.3",
        "testdata-w3c-json-form": "^1.0.0"
      },
      "engines": {
        "node": ">= 10.16.0"
      },
      "funding": {
        "type": "opencollective",
        "url": "https://opencollective.com/express"
      }
    },
    "../node_modules/.pnpm/nodemon@3.1.14/node_modules/nodemon": {
      "version": "3.1.14",
      "dev": true,
      "license": "MIT",
      "dependencies": {
        "chokidar": "^3.5.2",
        "debug": "^4",
        "ignore-by-default": "^1.0.1",
        "minimatch": "^10.2.1",
        "pstree.remy": "^1.1.8",
        "semver": "^7.5.3",
        "simple-update-notifier": "^2.0.0",
        "supports-color": "^5.5.0",
        "touch": "^3.1.0",
        "undefsafe": "^2.0.5"
      },
      "bin": {
        "nodemon": "bin/nodemon.js"
      },
      "devDependencies": {
        "@commitlint/cli": "^11.0.0",
        "@commitlint/config-conventional": "^11.0.0",
        "async": "1.4.2",
        "coffee-script": "~1.7.1",
        "eslint": "^7.32.0",
        "husky": "^7.0.4",
        "mocha": "^2.5.3",
        "nyc": "^15.1.0",
        "proxyquire": "^1.8.0",
        "semantic-release": "^25.0.0",
        "should": "~4.0.0"
      },
      "engines": {
        "node": ">=10"
      },
      "funding": {
        "type": "opencollective",
        "url": "https://opencollective.com/nodemon"
      }
    },
    "../node_modules/.pnpm/supertest@7.2.2/node_modules/supertest": {
      "version": "7.2.2",
      "dev": true,
      "license": "MIT",
      "dependencies": {
        "cookie-signature": "^1.2.2",
        "methods": "^1.1.2",
        "superagent": "^10.3.0"
      },
      "devDependencies": {
        "@commitlint/cli": "17",
        "@commitlint/config-conventional": "17",
        "body-parser": "^1.20.3",
        "cookie-parser": "^1.4.7",
        "eslint": "^8.32.0",
        "eslint-config-airbnb-base": "^15.0.0",
        "eslint-plugin-import": "^2.27.5",
        "express": "^4.18.3",
        "mocha": "^10.2.0",
        "nock": "^13.3.8",
        "nyc": "^15.1.0",
        "proxyquire": "^2.1.3",
        "should": "^13.2.3",
        "sinon": "20.0.0"
      },
      "engines": {
        "node": ">=14.18.0"
      }
    },
    "node_modules/bcryptjs": {
      "resolved": "../node_modules/.pnpm/bcryptjs@3.0.3/node_modules/bcryptjs",
      "link": true
    },
    "node_modules/body-parser": {
      "resolved": "../node_modules/.pnpm/body-parser@2.3.0/node_modules/body-parser",
      "link": true
    },
    "node_modules/cors": {
      "resolved": "../node_modules/.pnpm/cors@2.8.6/node_modules/cors",
      "link": true
    },
    "node_modules/dotenv": {
      "resolved": "../node_modules/.pnpm/dotenv@16.5.0/node_modules/dotenv",
      "link": true
    },
    "node_modules/express": {
      "resolved": "../node_modules/.pnpm/express@5.2.1/node_modules/express",
      "link": true
    },
    "node_modules/jest": {
      "resolved": "../node_modules/.pnpm/jest@30.4.2_@types+node@26.1.1/node_modules/jest",
      "link": true
    },
    "node_modules/jsonwebtoken": {
      "resolved": "../node_modules/.pnpm/jsonwebtoken@9.0.3/node_modules/jsonwebtoken",
      "link": true
    },
    "node_modules/method-override": {
      "resolved": "../node_modules/.pnpm/method-override@3.0.0/node_modules/method-override",
      "link": true
    },
    "node_modules/mongoose": {
      "resolved": "../node_modules/.pnpm/mongoose@8.24.1/node_modules/mongoose",
      "link": true
    },
    "node_modules/multer": {
      "resolved": "../node_modules/.pnpm/multer@2.2.0/node_modules/multer",
      "link": true
    },
    "node_modules/node-cron": {
      "version": "4.6.0",
      "resolved": "https://registry.npmjs.org/node-cron/-/node-cron-4.6.0.tgz",
      "integrity": "sha512-Si/bzYiKRHOB8/a99T2+SDGN582ONDMSTlJr5oCkT6GtnqPjZ2s10eoQRYkW9ZHwjVxONL+W8Fb+qR0AHMQsdg==",
      "license": "ISC",
      "engines": {
        "node": ">=20"
      }
    },
    "node_modules/nodemon": {
      "resolved": "../node_modules/.pnpm/nodemon@3.1.14/node_modules/nodemon",
      "link": true
    },
    "node_modules/supertest": {
      "resolved": "../node_modules/.pnpm/supertest@7.2.2/node_modules/supertest",
      "link": true
    }
  }
}
